
Microsoft Visual Studio Solution File, Format Version 12.00
# Visual Studio Version 17
VisualStudioVersion = 17.10.34928.147
MinimumVisualStudioVersion = 10.0.40219.1
Project("{8BC9CEB8-8B4A-11D0-8D11-00A0C91BC942}") = "PrimeFactor_KATA", "PrimeFactor_KATA\PrimeFactor_KATA.vcxproj", "{06D0D493-BAEC-4513-B6AB-74FAC9BB10DD}"
EndProject
Project("{8BC9CEB8-8B4A-11D0-8D11-00A0C91BC942}") = "Sample-Test1", "Sample-Test1\Sample-Test1.vcxproj", "{B1BDC6FD-D235-4BAC-BB32-3AC637C6D6D9}"
EndProject
Project("{2150E333-8FDC-42A3-9474-1A3956D46DE8}") = "솔루션 항목", "솔루션 항목", "{71203092-73DF-4861-8A9C-6EB45803F572}"
	ProjectSection(SolutionItems) = preProject
		.editorconfig = .editorconfig
		.gitignore = .gitignore
		README.md = README.md
	EndProjectSection
EndProject
Global
	GlobalSection(SolutionConfigurationPlatforms) = preSolution
		Debug|x64 = Debug|x64
		Debug|x86 = Debug|x86
		Release|x64 = Release|x64
		Release|x86 = Release|x86
	EndGlobalSection
	GlobalSection(ProjectConfigurationPlatforms) = postSolution
		{06D0D493-BAEC-4513-B6AB-74FAC9BB10DD}.Debug|x64.ActiveCfg = Debug|x64
		{06D0D493-BAEC-4513-B6AB-74FAC9BB10DD}.Debug|x64.Build.0 = Debug|x64
		{06D0D493-BAEC-4513-B6AB-74FAC9BB10DD}.Debug|x86.ActiveCfg = Debug|Win32
		{06D0D493-BAEC-4513-B6AB-74FAC9BB10DD}.Debug|x86.Build.0 = Debug|Win32
		{06D0D493-BAEC-4513-B6AB-74FAC9BB10DD}.Release|x64.ActiveCfg = Release|x64
		{06D0D493-BAEC-4513-B6AB-74FAC9BB10DD}.Release|x64.Build.0 = Release|x64
		{06D0D493-BAEC-4513-B6AB-74FAC9BB10DD}.Release|x86.ActiveCfg = Release|Win32
		{06D0D493-BAEC-4513-B6AB-74FAC9BB10DD}.Release|x86.Build.0 = Release|Win32
		{B1BDC6FD-D235-4BAC-BB32-3AC637C6D6D9}.Debug|x64.ActiveCfg = Debug|x64
		{B1BDC6FD-D235-4BAC-BB32-3AC637C6D6D9}.Debug|x64.Build.0 = Debug|x64
		{B1BDC6FD-D235-4BAC-BB32-3AC637C6D6D9}.Debug|x86.ActiveCfg = Debug|Win32
		{B1BDC6FD-D235-4BAC-BB32-3AC637C6D6D9}.Debug|x86.Build.0 = Debug|Win32
		{B1BDC6FD-D235-4BAC-BB32-3AC637C6D6D9}.Release|x64.ActiveCfg = Release|x64
		{B1BDC6FD-D235-4BAC-BB32-3AC637C6D6D9}.Release|x64.Build.0 = Release|x64
		{B1BDC6FD-D235-4BAC-BB32-3AC637C6D6D9}.Release|x86.ActiveCfg = Release|Win32
		{B1BDC6FD-D235-4BAC-BB32-3AC637C6D6D9}.Release|x86.Build.0 = Release|Win32
	EndGlobalSection
	GlobalSection(SolutionProperties) = preSolution
		HideSolutionNode = FALSE
	EndGlobalSection
	GlobalSection(ExtensibilityGlobals) = postSolution
		SolutionGuid = {2EB846F5-3957-4CF5-B359-963426197E08}
	EndGlobalSection
EndGlobal
